
Microsoft Visual Studio Solution File, Format Version 12.00
# Visual Studio Version 17
VisualStudioVersion = 17.14.37012.4
MinimumVisualStudioVersion = 10.0.40219.1
Project("{FAE04EC0-301F-11D3-BF4B-00C04F79EFBC}") = "Game", "Game\Game.csproj", "{22308C52-FB33-4C9B-827A-23F10C0D5E29}"
EndProject
Global
	GlobalSection(SolutionConfigurationPlatforms) = preSolution
		Debug|Any CPU = Debug|Any CPU
		Release|Any CPU = Release|Any CPU
	EndGlobalSection
	GlobalSection(ProjectConfigurationPlatforms) = postSolution
		{22308C52-FB33-4C9B-827A-23F10C0D5E29}.Debug|Any CPU.ActiveCfg = Debug|Any CPU
		{22308C52-FB33-4C9B-827A-23F10C0D5E29}.Debug|Any CPU.Build.0 = Debug|Any CPU
		{22308C52-FB33-4C9B-827A-23F10C0D5E29}.Release|Any CPU.ActiveCfg = Release|Any CPU
		{22308C52-FB33-4C9B-827A-23F10C0D5E29}.Release|Any CPU.Build.0 = Release|Any CPU
	EndGlobalSection
	GlobalSection(SolutionProperties) = preSolution
		HideSolutionNode = FALSE
	EndGlobalSection
	GlobalSection(ExtensibilityGlobals) = postSolution
		SolutionGuid = {4495D616-9699-4605-AD24-E4C533FD2F14}
	EndGlobalSection
EndGlobal
