
Microsoft Visual Studio Solution File, Format Version 12.00
# Visual Studio Version 16
VisualStudioVersion = 16.0.29519.181
MinimumVisualStudioVersion = 10.0.40219.1
Project("{9A19103F-16F7-4668-BE54-9A1E7A4F7556}") = "Desktop", "Desktop\Desktop.csproj", "{949BFF0A-16AF-4E36-8F1B-7B987428D9F2}"
EndProject
Project("{9A19103F-16F7-4668-BE54-9A1E7A4F7556}") = "Samples", "Samples\Samples.csproj", "{52E620F2-B972-4F91-8648-476DADF729AF}"
EndProject
Project("{9A19103F-16F7-4668-BE54-9A1E7A4F7556}") = "Renderer", "Renderer\Renderer.csproj", "{8BE1861B-BCF1-4AF4-B8F2-B5EEDED5F78F}"
EndProject
Project("{FAE04EC0-301F-11D3-BF4B-00C04F79EFBC}") = "Test", "Test\Test.csproj", "{7C447D32-3180-4208-A8DF-1968622E2C79}"
EndProject
Global
	GlobalSection(SolutionConfigurationPlatforms) = preSolution
		Debug|Any CPU = Debug|Any CPU
		Release|Any CPU = Release|Any CPU
	EndGlobalSection
	GlobalSection(ProjectConfigurationPlatforms) = postSolution
		{949BFF0A-16AF-4E36-8F1B-7B987428D9F2}.Debug|Any CPU.ActiveCfg = Debug|Any CPU
		{949BFF0A-16AF-4E36-8F1B-7B987428D9F2}.Debug|Any CPU.Build.0 = Debug|Any CPU
		{949BFF0A-16AF-4E36-8F1B-7B987428D9F2}.Release|Any CPU.ActiveCfg = Release|Any CPU
		{949BFF0A-16AF-4E36-8F1B-7B987428D9F2}.Release|Any CPU.Build.0 = Release|Any CPU
		{52E620F2-B972-4F91-8648-476DADF729AF}.Debug|Any CPU.ActiveCfg = Debug|Any CPU
		{52E620F2-B972-4F91-8648-476DADF729AF}.Debug|Any CPU.Build.0 = Debug|Any CPU
		{52E620F2-B972-4F91-8648-476DADF729AF}.Release|Any CPU.ActiveCfg = Release|Any CPU
		{52E620F2-B972-4F91-8648-476DADF729AF}.Release|Any CPU.Build.0 = Release|Any CPU
		{8BE1861B-BCF1-4AF4-B8F2-B5EEDED5F78F}.Debug|Any CPU.ActiveCfg = Debug|Any CPU
		{8BE1861B-BCF1-4AF4-B8F2-B5EEDED5F78F}.Debug|Any CPU.Build.0 = Debug|Any CPU
		{8BE1861B-BCF1-4AF4-B8F2-B5EEDED5F78F}.Release|Any CPU.ActiveCfg = Release|Any CPU
		{8BE1861B-BCF1-4AF4-B8F2-B5EEDED5F78F}.Release|Any CPU.Build.0 = Release|Any CPU
		{7C447D32-3180-4208-A8DF-1968622E2C79}.Debug|Any CPU.ActiveCfg = Debug|Any CPU
		{7C447D32-3180-4208-A8DF-1968622E2C79}.Debug|Any CPU.Build.0 = Debug|Any CPU
		{7C447D32-3180-4208-A8DF-1968622E2C79}.Release|Any CPU.ActiveCfg = Release|Any CPU
		{7C447D32-3180-4208-A8DF-1968622E2C79}.Release|Any CPU.Build.0 = Release|Any CPU
	EndGlobalSection
	GlobalSection(SolutionProperties) = preSolution
		HideSolutionNode = FALSE
	EndGlobalSection
	GlobalSection(ExtensibilityGlobals) = postSolution
		SolutionGuid = {DD3270B0-0FA4-48A4-A970-49FDD64D07BA}
	EndGlobalSection
EndGlobal
