
Microsoft Visual Studio Solution File, Format Version 12.00
# Visual Studio Version 16
VisualStudioVersion = 16.0.29519.181
MinimumVisualStudioVersion = 10.0.40219.1
Project("{2150E333-8FDC-42A3-9474-1A3956D46DE8}") = "Desktop", "Desktop", "{32DBF009-804A-4C64-AEEA-DD3417B94DCB}"
EndProject
Project("{2150E333-8FDC-42A3-9474-1A3956D46DE8}") = "D3D12HelloWorld", "D3D12HelloWorld", "{534A7EAC-0BA5-4511-B9C5-DFD0C9190DF2}"
EndProject
Project("{FAE04EC0-301F-11D3-BF4B-00C04F79EFBC}") = "HelloWindow", "HelloWindow\HelloWindow.csproj", "{A27E171E-0F95-40CA-8A52-929685A15033}"
EndProject
Project("{FAE04EC0-301F-11D3-BF4B-00C04F79EFBC}") = "HelloTriangle", "HelloTriangle\HelloTriangle.csproj", "{D3E44F6F-02E2-4BFD-9C60-31B30ACA21C4}"
EndProject
Project("{FAE04EC0-301F-11D3-BF4B-00C04F79EFBC}") = "HelloTexture", "HelloTexture\HelloTexture.csproj", "{1BC167B0-09C2-4548-A74C-AD889986137E}"
EndProject
Project("{FAE04EC0-301F-11D3-BF4B-00C04F79EFBC}") = "HelloFrameBuffering", "HelloFrameBuffering\HelloFrameBuffering.csproj", "{AF0B56CE-DC0A-47C0-9C20-55C3D7C7D770}"
EndProject
Project("{FAE04EC0-301F-11D3-BF4B-00C04F79EFBC}") = "HelloConstBuffers", "HelloConstBuffers\HelloConstBuffers.csproj", "{480C942E-5E44-46F2-993F-B634CEB47894}"
EndProject
Project("{FAE04EC0-301F-11D3-BF4B-00C04F79EFBC}") = "HelloBundles", "HelloBundles\HelloBundles.csproj", "{6C8B1EC2-E6C0-400E-8C2D-651C8FA7390E}"
EndProject
Global
	GlobalSection(SolutionConfigurationPlatforms) = preSolution
		Debug|Any CPU = Debug|Any CPU
		Release|Any CPU = Release|Any CPU
	EndGlobalSection
	GlobalSection(ProjectConfigurationPlatforms) = postSolution
		{A27E171E-0F95-40CA-8A52-929685A15033}.Debug|Any CPU.ActiveCfg = Debug|Any CPU
		{A27E171E-0F95-40CA-8A52-929685A15033}.Debug|Any CPU.Build.0 = Debug|Any CPU
		{A27E171E-0F95-40CA-8A52-929685A15033}.Release|Any CPU.ActiveCfg = Release|Any CPU
		{A27E171E-0F95-40CA-8A52-929685A15033}.Release|Any CPU.Build.0 = Release|Any CPU
		{D3E44F6F-02E2-4BFD-9C60-31B30ACA21C4}.Debug|Any CPU.ActiveCfg = Debug|Any CPU
		{D3E44F6F-02E2-4BFD-9C60-31B30ACA21C4}.Debug|Any CPU.Build.0 = Debug|Any CPU
		{D3E44F6F-02E2-4BFD-9C60-31B30ACA21C4}.Release|Any CPU.ActiveCfg = Release|Any CPU
		{D3E44F6F-02E2-4BFD-9C60-31B30ACA21C4}.Release|Any CPU.Build.0 = Release|Any CPU
		{1BC167B0-09C2-4548-A74C-AD889986137E}.Debug|Any CPU.ActiveCfg = Debug|Any CPU
		{1BC167B0-09C2-4548-A74C-AD889986137E}.Debug|Any CPU.Build.0 = Debug|Any CPU
		{1BC167B0-09C2-4548-A74C-AD889986137E}.Release|Any CPU.ActiveCfg = Release|Any CPU
		{1BC167B0-09C2-4548-A74C-AD889986137E}.Release|Any CPU.Build.0 = Release|Any CPU
		{AF0B56CE-DC0A-47C0-9C20-55C3D7C7D770}.Debug|Any CPU.ActiveCfg = Debug|Any CPU
		{AF0B56CE-DC0A-47C0-9C20-55C3D7C7D770}.Debug|Any CPU.Build.0 = Debug|Any CPU
		{AF0B56CE-DC0A-47C0-9C20-55C3D7C7D770}.Release|Any CPU.ActiveCfg = Release|Any CPU
		{AF0B56CE-DC0A-47C0-9C20-55C3D7C7D770}.Release|Any CPU.Build.0 = Release|Any CPU
		{480C942E-5E44-46F2-993F-B634CEB47894}.Debug|Any CPU.ActiveCfg = Debug|Any CPU
		{480C942E-5E44-46F2-993F-B634CEB47894}.Debug|Any CPU.Build.0 = Debug|Any CPU
		{480C942E-5E44-46F2-993F-B634CEB47894}.Release|Any CPU.ActiveCfg = Release|Any CPU
		{480C942E-5E44-46F2-993F-B634CEB47894}.Release|Any CPU.Build.0 = Release|Any CPU
		{6C8B1EC2-E6C0-400E-8C2D-651C8FA7390E}.Debug|Any CPU.ActiveCfg = Debug|Any CPU
		{6C8B1EC2-E6C0-400E-8C2D-651C8FA7390E}.Debug|Any CPU.Build.0 = Debug|Any CPU
		{6C8B1EC2-E6C0-400E-8C2D-651C8FA7390E}.Release|Any CPU.ActiveCfg = Release|Any CPU
		{6C8B1EC2-E6C0-400E-8C2D-651C8FA7390E}.Release|Any CPU.Build.0 = Release|Any CPU
	EndGlobalSection
	GlobalSection(SolutionProperties) = preSolution
		HideSolutionNode = FALSE
	EndGlobalSection
	GlobalSection(NestedProjects) = preSolution
		{534A7EAC-0BA5-4511-B9C5-DFD0C9190DF2} = {32DBF009-804A-4C64-AEEA-DD3417B94DCB}
		{A27E171E-0F95-40CA-8A52-929685A15033} = {534A7EAC-0BA5-4511-B9C5-DFD0C9190DF2}
		{D3E44F6F-02E2-4BFD-9C60-31B30ACA21C4} = {534A7EAC-0BA5-4511-B9C5-DFD0C9190DF2}
		{1BC167B0-09C2-4548-A74C-AD889986137E} = {534A7EAC-0BA5-4511-B9C5-DFD0C9190DF2}
		{AF0B56CE-DC0A-47C0-9C20-55C3D7C7D770} = {534A7EAC-0BA5-4511-B9C5-DFD0C9190DF2}
		{480C942E-5E44-46F2-993F-B634CEB47894} = {534A7EAC-0BA5-4511-B9C5-DFD0C9190DF2}
		{6C8B1EC2-E6C0-400E-8C2D-651C8FA7390E} = {534A7EAC-0BA5-4511-B9C5-DFD0C9190DF2}
	EndGlobalSection
	GlobalSection(ExtensibilityGlobals) = postSolution
		SolutionGuid = {DD3270B0-0FA4-48A4-A970-49FDD64D07BA}
	EndGlobalSection
EndGlobal
